// !$*UTF8*$!
{
	archiveVersion = 1;
	classes = {
	};
	objectVersion = 52;
	objects = {

/* Begin PBXBuildFile section */
		79389499265A925000EC4514 /* AppDelegate.swift in Sources */ = {isa = PBXBuildFile; fileRef = 79389498265A925000EC4514 /* AppDelegate.swift */; };
		7938949B265A925000EC4514 /* SceneDelegate.swift in Sources */ = {isa = PBXBuildFile; fileRef = 7938949A265A925000EC4514 /* SceneDelegate.swift */; };
		7938949D265A925000EC4514 /* CatViewController.swift in Sources */ = {isa = PBXBuildFile; fileRef = 7938949C265A925000EC4514 /* CatViewController.swift */; };
		793894A0265A925000EC4514 /* Main.storyboard in Resources */ = {isa = PBXBuildFile; fileRef = 7938949E265A925000EC4514 /* Main.storyboard */; };
		793894A2265A925300EC4514 /* Assets.xcassets in Resources */ = {isa = PBXBuildFile; fileRef = 793894A1265A925300EC4514 /* Assets.xcassets */; };
		793894A5265A925300EC4514 /* LaunchScreen.storyboard in Resources */ = {isa = PBXBuildFile; fileRef = 793894A3265A925300EC4514 /* LaunchScreen.storyboard */; };
		793894AE265B7C9600EC4514 /* SwiftyJSON in Frameworks */ = {isa = PBXBuildFile; productRef = 793894AD265B7C9600EC4514 /* SwiftyJSON */; };
		793894B1265B7D3E00EC4514 /* Alamofire in Frameworks */ = {isa = PBXBuildFile; productRef = 793894B0265B7D3E00EC4514 /* Alamofire */; };
		793894B4265B7DE400EC4514 /* Kingfisher in Frameworks */ = {isa = PBXBuildFile; productRef = 793894B3265B7DE400EC4514 /* Kingfisher */; };
		793894B7265B91D500EC4514 /* Realm in Frameworks */ = {isa = PBXBuildFile; productRef = 793894B6265B91D500EC4514 /* Realm */; };
		793894B9265B91D500EC4514 /* RealmSwift in Frameworks */ = {isa = PBXBuildFile; productRef = 793894B8265B91D500EC4514 /* RealmSwift */; };
		79621F7F265D5D20001AAC5A /* CatCell.swift in Sources */ = {isa = PBXBuildFile; fileRef = 79621F7E265D5D20001AAC5A /* CatCell.swift */; };
		79621F81265D5F7D001AAC5A /* DBRealmService.swift in Sources */ = {isa = PBXBuildFile; fileRef = 79621F80265D5F7D001AAC5A /* DBRealmService.swift */; };
		79621F83265D67C8001AAC5A /* Enums.swift in Sources */ = {isa = PBXBuildFile; fileRef = 79621F82265D67C8001AAC5A /* Enums.swift */; };
		79621F89265E6D1A001AAC5A /* ItemsViewController.swift in Sources */ = {isa = PBXBuildFile; fileRef = 79621F88265E6D1A001AAC5A /* ItemsViewController.swift */; };
		79621F8B265E96AD001AAC5A /* ItemCell.swift in Sources */ = {isa = PBXBuildFile; fileRef = 79621F8A265E96AD001AAC5A /* ItemCell.swift */; };
		79E7BE772661660D0001DB4B /* CartViewController.swift in Sources */ = {isa = PBXBuildFile; fileRef = 79E7BE762661660D0001DB4B /* CartViewController.swift */; };
		79E7BE79266169700001DB4B /* CartCell.swift in Sources */ = {isa = PBXBuildFile; fileRef = 79E7BE78266169700001DB4B /* CartCell.swift */; };
		79E7BE7B26616BD10001DB4B /* BuyViewController.swift in Sources */ = {isa = PBXBuildFile; fileRef = 79E7BE7A26616BD10001DB4B /* BuyViewController.swift */; };
		79E7BE7D26616CC30001DB4B /* BuyCell.swift in Sources */ = {isa = PBXBuildFile; fileRef = 79E7BE7C26616CC30001DB4B /* BuyCell.swift */; };
		79E7BE7F266190050001DB4B /* CartDelViewController.swift in Sources */ = {isa = PBXBuildFile; fileRef = 79E7BE7E266190050001DB4B /* CartDelViewController.swift */; };
		79FAEAD8266016280014D32D /* ItemViewController.swift in Sources */ = {isa = PBXBuildFile; fileRef = 79FAEAD7266016280014D32D /* ItemViewController.swift */; };
/* End PBXBuildFile section */

/* Begin PBXFileReference section */
		79389495265A925000EC4514 /* firstDiploma.app */ = {isa = PBXFileReference; explicitFileType = wrapper.application; includeInIndex = 0; path = firstDiploma.app; sourceTree = BUILT_PRODUCTS_DIR; };
		79389498265A925000EC4514 /* AppDelegate.swift */ = {isa = PBXFileReference; lastKnownFileType = sourcecode.swift; path = AppDelegate.swift; sourceTree = "<group>"; };
		7938949A265A925000EC4514 /* SceneDelegate.swift */ = {isa = PBXFileReference; lastKnownFileType = sourcecode.swift; path = SceneDelegate.swift; sourceTree = "<group>"; };
		7938949C265A925000EC4514 /* CatViewController.swift */ = {isa = PBXFileReference; lastKnownFileType = sourcecode.swift; path = CatViewController.swift; sourceTree = "<group>"; };
		7938949F265A925000EC4514 /* Base */ = {isa = PBXFileReference; lastKnownFileType = file.storyboard; name = Base; path = Base.lproj/Main.storyboard; sourceTree = "<group>"; };
		793894A1265A925300EC4514 /* Assets.xcassets */ = {isa = PBXFileReference; lastKnownFileType = folder.assetcatalog; path = Assets.xcassets; sourceTree = "<group>"; };
		793894A4265A925300EC4514 /* Base */ = {isa = PBXFileReference; lastKnownFileType = file.storyboard; name = Base; path = Base.lproj/LaunchScreen.storyboard; sourceTree = "<group>"; };
		793894A6265A925300EC4514 /* Info.plist */ = {isa = PBXFileReference; lastKnownFileType = text.plist.xml; path = Info.plist; sourceTree = "<group>"; };
		79621F7E265D5D20001AAC5A /* CatCell.swift */ = {isa = PBXFileReference; lastKnownFileType = sourcecode.swift; path = CatCell.swift; sourceTree = "<group>"; };
		79621F80265D5F7D001AAC5A /* DBRealmService.swift */ = {isa = PBXFileReference; lastKnownFileType = sourcecode.swift; path = DBRealmService.swift; sourceTree = "<group>"; };
		79621F82265D67C8001AAC5A /* Enums.swift */ = {isa = PBXFileReference; lastKnownFileType = sourcecode.swift; path = Enums.swift; sourceTree = "<group>"; };
		79621F88265E6D1A001AAC5A /* ItemsViewController.swift */ = {isa = PBXFileReference; lastKnownFileType = sourcecode.swift; path = ItemsViewController.swift; sourceTree = "<group>"; };
		79621F8A265E96AD001AAC5A /* ItemCell.swift */ = {isa = PBXFileReference; lastKnownFileType = sourcecode.swift; path = ItemCell.swift; sourceTree = "<group>"; };
		79E7BE762661660D0001DB4B /* CartViewController.swift */ = {isa = PBXFileReference; lastKnownFileType = sourcecode.swift; path = CartViewController.swift; sourceTree = "<group>"; };
		79E7BE78266169700001DB4B /* CartCell.swift */ = {isa = PBXFileReference; lastKnownFileType = sourcecode.swift; path = CartCell.swift; sourceTree = "<group>"; };
		79E7BE7A26616BD10001DB4B /* BuyViewController.swift */ = {isa = PBXFileReference; lastKnownFileType = sourcecode.swift; path = BuyViewController.swift; sourceTree = "<group>"; };
		79E7BE7C26616CC30001DB4B /* BuyCell.swift */ = {isa = PBXFileReference; lastKnownFileType = sourcecode.swift; path = BuyCell.swift; sourceTree = "<group>"; };
		79E7BE7E266190050001DB4B /* CartDelViewController.swift */ = {isa = PBXFileReference; lastKnownFileType = sourcecode.swift; path = CartDelViewController.swift; sourceTree = "<group>"; };
		79FAEAD7266016280014D32D /* ItemViewController.swift */ = {isa = PBXFileReference; lastKnownFileType = sourcecode.swift; path = ItemViewController.swift; sourceTree = "<group>"; };
/* End PBXFileReference section */

/* Begin PBXFrameworksBuildPhase section */
		79389492265A925000EC4514 /* Frameworks */ = {
			isa = PBXFrameworksBuildPhase;
			buildActionMask = 2147483647;
			files = (
				793894B4265B7DE400EC4514 /* Kingfisher in Frameworks */,
				793894AE265B7C9600EC4514 /* SwiftyJSON in Frameworks */,
				793894B7265B91D500EC4514 /* Realm in Frameworks */,
				793894B9265B91D500EC4514 /* RealmSwift in Frameworks */,
				793894B1265B7D3E00EC4514 /* Alamofire in Frameworks */,
			);
			runOnlyForDeploymentPostprocessing = 0;
		};
/* End PBXFrameworksBuildPhase section */

/* Begin PBXGroup section */
		7938948C265A925000EC4514 = {
			isa = PBXGroup;
			children = (
				79389497265A925000EC4514 /* firstDiploma */,
				79389496265A925000EC4514 /* Products */,
			);
			sourceTree = "<group>";
		};
		79389496265A925000EC4514 /* Products */ = {
			isa = PBXGroup;
			children = (
				79389495265A925000EC4514 /* firstDiploma.app */,
			);
			name = Products;
			sourceTree = "<group>";
		};
		79389497265A925000EC4514 /* firstDiploma */ = {
			isa = PBXGroup;
			children = (
				79621F7D265C47E5001AAC5A /* CartView */,
				79621F7C265C47E0001AAC5A /* ItemView */,
				79621F7B265C47D5001AAC5A /* ItemsView */,
				79621F77265C475F001AAC5A /* CatView */,
				79389498265A925000EC4514 /* AppDelegate.swift */,
				7938949A265A925000EC4514 /* SceneDelegate.swift */,
				7938949E265A925000EC4514 /* Main.storyboard */,
				793894A1265A925300EC4514 /* Assets.xcassets */,
				793894A3265A925300EC4514 /* LaunchScreen.storyboard */,
				793894A6265A925300EC4514 /* Info.plist */,
				79621F80265D5F7D001AAC5A /* DBRealmService.swift */,
				79621F82265D67C8001AAC5A /* Enums.swift */,
			);
			path = firstDiploma;
			sourceTree = "<group>";
		};
		79621F77265C475F001AAC5A /* CatView */ = {
			isa = PBXGroup;
			children = (
				7938949C265A925000EC4514 /* CatViewController.swift */,
				79621F7E265D5D20001AAC5A /* CatCell.swift */,
			);
			path = CatView;
			sourceTree = "<group>";
		};
		79621F7B265C47D5001AAC5A /* ItemsView */ = {
			isa = PBXGroup;
			children = (
				79621F88265E6D1A001AAC5A /* ItemsViewController.swift */,
				79621F8A265E96AD001AAC5A /* ItemCell.swift */,
			);
			path = ItemsView;
			sourceTree = "<group>";
		};
		79621F7C265C47E0001AAC5A /* ItemView */ = {
			isa = PBXGroup;
			children = (
				79FAEAD7266016280014D32D /* ItemViewController.swift */,
				79E7BE7A26616BD10001DB4B /* BuyViewController.swift */,
				79E7BE7C26616CC30001DB4B /* BuyCell.swift */,
			);
			path = ItemView;
			sourceTree = "<group>";
		};
		79621F7D265C47E5001AAC5A /* CartView */ = {
			isa = PBXGroup;
			children = (
				79E7BE762661660D0001DB4B /* CartViewController.swift */,
				79E7BE78266169700001DB4B /* CartCell.swift */,
				79E7BE7E266190050001DB4B /* CartDelViewController.swift */,
			);
			path = CartView;
			sourceTree = "<group>";
		};
/* End PBXGroup section */

/* Begin PBXNativeTarget section */
		79389494265A925000EC4514 /* firstDiploma */ = {
			isa = PBXNativeTarget;
			buildConfigurationList = 793894A9265A925300EC4514 /* Build configuration list for PBXNativeTarget "firstDiploma" */;
			buildPhases = (
				79389491265A925000EC4514 /* Sources */,
				79389492265A925000EC4514 /* Frameworks */,
				79389493265A925000EC4514 /* Resources */,
			);
			buildRules = (
			);
			dependencies = (
			);
			name = firstDiploma;
			packageProductDependencies = (
				793894AD265B7C9600EC4514 /* SwiftyJSON */,
				793894B0265B7D3E00EC4514 /* Alamofire */,
				793894B3265B7DE400EC4514 /* Kingfisher */,
				793894B6265B91D500EC4514 /* Realm */,
				793894B8265B91D500EC4514 /* RealmSwift */,
			);
			productName = firstDiploma;
			productReference = 79389495265A925000EC4514 /* firstDiploma.app */;
			productType = "com.apple.product-type.application";
		};
/* End PBXNativeTarget section */

/* Begin PBXProject section */
		7938948D265A925000EC4514 /* Project object */ = {
			isa = PBXProject;
			attributes = {
				LastSwiftUpdateCheck = 1250;
				LastUpgradeCheck = 1250;
				TargetAttributes = {
					79389494265A925000EC4514 = {
						CreatedOnToolsVersion = 12.5;
					};
				};
			};
			buildConfigurationList = 79389490265A925000EC4514 /* Build configuration list for PBXProject "firstDiploma" */;
			compatibilityVersion = "Xcode 9.3";
			developmentRegion = en;
			hasScannedForEncodings = 0;
			knownRegions = (
				en,
				Base,
			);
			mainGroup = 7938948C265A925000EC4514;
			packageReferences = (
				793894AC265B7C9600EC4514 /* XCRemoteSwiftPackageReference "SwiftyJSON" */,
				793894AF265B7D3E00EC4514 /* XCRemoteSwiftPackageReference "Alamofire" */,
				793894B2265B7DE400EC4514 /* XCRemoteSwiftPackageReference "Kingfisher" */,
				793894B5265B91D500EC4514 /* XCRemoteSwiftPackageReference "realm-cocoa" */,
			);
			productRefGroup = 79389496265A925000EC4514 /* Products */;
			projectDirPath = "";
			projectRoot = "";
			targets = (
				79389494265A925000EC4514 /* firstDiploma */,
			);
		};
/* End PBXProject section */

/* Begin PBXResourcesBuildPhase section */
		79389493265A925000EC4514 /* Resources */ = {
			isa = PBXResourcesBuildPhase;
			buildActionMask = 2147483647;
			files = (
				793894A5265A925300EC4514 /* LaunchScreen.storyboard in Resources */,
				793894A2265A925300EC4514 /* Assets.xcassets in Resources */,
				793894A0265A925000EC4514 /* Main.storyboard in Resources */,
			);
			runOnlyForDeploymentPostprocessing = 0;
		};
/* End PBXResourcesBuildPhase section */

/* Begin PBXSourcesBuildPhase section */
		79389491265A925000EC4514 /* Sources */ = {
			isa = PBXSourcesBuildPhase;
			buildActionMask = 2147483647;
			files = (
				79FAEAD8266016280014D32D /* ItemViewController.swift in Sources */,
				7938949D265A925000EC4514 /* CatViewController.swift in Sources */,
				79621F7F265D5D20001AAC5A /* CatCell.swift in Sources */,
				79E7BE7F266190050001DB4B /* CartDelViewController.swift in Sources */,
				79E7BE772661660D0001DB4B /* CartViewController.swift in Sources */,
				79E7BE7D26616CC30001DB4B /* BuyCell.swift in Sources */,
				79E7BE7B26616BD10001DB4B /* BuyViewController.swift in Sources */,
				79621F83265D67C8001AAC5A /* Enums.swift in Sources */,
				79E7BE79266169700001DB4B /* CartCell.swift in Sources */,
				79621F89265E6D1A001AAC5A /* ItemsViewController.swift in Sources */,
				79621F8B265E96AD001AAC5A /* ItemCell.swift in Sources */,
				79621F81265D5F7D001AAC5A /* DBRealmService.swift in Sources */,
				79389499265A925000EC4514 /* AppDelegate.swift in Sources */,
				7938949B265A925000EC4514 /* SceneDelegate.swift in Sources */,
			);
			runOnlyForDeploymentPostprocessing = 0;
		};
/* End PBXSourcesBuildPhase section */

/* Begin PBXVariantGroup section */
		7938949E265A925000EC4514 /* Main.storyboard */ = {
			isa = PBXVariantGroup;
			children = (
				7938949F265A925000EC4514 /* Base */,
			);
			name = Main.storyboard;
			sourceTree = "<group>";
		};
		793894A3265A925300EC4514 /* LaunchScreen.storyboard */ = {
			isa = PBXVariantGroup;
			children = (
				793894A4265A925300EC4514 /* Base */,
			);
			name = LaunchScreen.storyboard;
			sourceTree = "<group>";
		};
/* End PBXVariantGroup section */

/* Begin XCBuildConfiguration section */
		793894A7265A925300EC4514 /* Debug */ = {
			isa = XCBuildConfiguration;
			buildSettings = {
				ALWAYS_SEARCH_USER_PATHS = NO;
				CLANG_ANALYZER_NONNULL = YES;
				CLANG_ANALYZER_NUMBER_OBJECT_CONVERSION = YES_AGGRESSIVE;
				CLANG_CXX_LANGUAGE_STANDARD = "gnu++14";
				CLANG_CXX_LIBRARY = "libc++";
				CLANG_ENABLE_MODULES = YES;
				CLANG_ENABLE_OBJC_ARC = YES;
				CLANG_ENABLE_OBJC_WEAK = YES;
				CLANG_WARN_BLOCK_CAPTURE_AUTORELEASING = YES;
				CLANG_WARN_BOOL_CONVERSION = YES;
				CLANG_WARN_COMMA = YES;
				CLANG_WARN_CONSTANT_CONVERSION = YES;
				CLANG_WARN_DEPRECATED_OBJC_IMPLEMENTATIONS = YES;
				CLANG_WARN_DIRECT_OBJC_ISA_USAGE = YES_ERROR;
				CLANG_WARN_DOCUMENTATION_COMMENTS = YES;
				CLANG_WARN_EMPTY_BODY = YES;
				CLANG_WARN_ENUM_CONVERSION = YES;
				CLANG_WARN_INFINITE_RECURSION = YES;
				CLANG_WARN_INT_CONVERSION = YES;
				CLANG_WARN_NON_LITERAL_NULL_CONVERSION = YES;
				CLANG_WARN_OBJC_IMPLICIT_RETAIN_SELF = YES;
				CLANG_WARN_OBJC_LITERAL_CONVERSION = YES;
				CLANG_WARN_OBJC_ROOT_CLASS = YES_ERROR;
				CLANG_WARN_QUOTED_INCLUDE_IN_FRAMEWORK_HEADER = YES;
				CLANG_WARN_RANGE_LOOP_ANALYSIS = YES;
				CLANG_WARN_STRICT_PROTOTYPES = YES;
				CLANG_WARN_SUSPICIOUS_MOVE = YES;
				CLANG_WARN_UNGUARDED_AVAILABILITY = YES_AGGRESSIVE;
				CLANG_WARN_UNREACHABLE_CODE = YES;
				CLANG_WARN__DUPLICATE_METHOD_MATCH = YES;
				COPY_PHASE_STRIP = NO;
				DEBUG_INFORMATION_FORMAT = dwarf;
				ENABLE_STRICT_OBJC_MSGSEND = YES;
				ENABLE_TESTABILITY = YES;
				GCC_C_LANGUAGE_STANDARD = gnu11;
				GCC_DYNAMIC_NO_PIC = NO;
				GCC_NO_COMMON_BLOCKS = YES;
				GCC_OPTIMIZATION_LEVEL = 0;
				GCC_PREPROCESSOR_DEFINITIONS = (
					"DEBUG=1",
					"$(inherited)",
				);
				GCC_WARN_64_TO_32_BIT_CONVERSION = YES;
				GCC_WARN_ABOUT_RETURN_TYPE = YES_ERROR;
				GCC_WARN_UNDECLARED_SELECTOR = YES;
				GCC_WARN_UNINITIALIZED_AUTOS = YES_AGGRESSIVE;
				GCC_WARN_UNUSED_FUNCTION = YES;
				GCC_WARN_UNUSED_VARIABLE = YES;
				IPHONEOS_DEPLOYMENT_TARGET = 14.5;
				MTL_ENABLE_DEBUG_INFO = INCLUDE_SOURCE;
				MTL_FAST_MATH = YES;
				ONLY_ACTIVE_ARCH = YES;
				SDKROOT = iphoneos;
				SWIFT_ACTIVE_COMPILATION_CONDITIONS = DEBUG;
				SWIFT_OPTIMIZATION_LEVEL = "-Onone";
			};
			name = Debug;
		};
		793894A8265A925300EC4514 /* Release */ = {
			isa = XCBuildConfiguration;
			buildSettings = {
				ALWAYS_SEARCH_USER_PATHS = NO;
				CLANG_ANALYZER_NONNULL = YES;
				CLANG_ANALYZER_NUMBER_OBJECT_CONVERSION = YES_AGGRESSIVE;
				CLANG_CXX_LANGUAGE_STANDARD = "gnu++14";
				CLANG_CXX_LIBRARY = "libc++";
				CLANG_ENABLE_MODULES = YES;
				CLANG_ENABLE_OBJC_ARC = YES;
				CLANG_ENABLE_OBJC_WEAK = YES;
				CLANG_WARN_BLOCK_CAPTURE_AUTORELEASING = YES;
				CLANG_WARN_BOOL_CONVERSION = YES;
				CLANG_WARN_COMMA = YES;
				CLANG_WARN_CONSTANT_CONVERSION = YES;
				CLANG_WARN_DEPRECATED_OBJC_IMPLEMENTATIONS = YES;
				CLANG_WARN_DIRECT_OBJC_ISA_USAGE = YES_ERROR;
				CLANG_WARN_DOCUMENTATION_COMMENTS = YES;
				CLANG_WARN_EMPTY_BODY = YES;
				CLANG_WARN_ENUM_CONVERSION = YES;
				CLANG_WARN_INFINITE_RECURSION = YES;
				CLANG_WARN_INT_CONVERSION = YES;
				CLANG_WARN_NON_LITERAL_NULL_CONVERSION = YES;
				CLANG_WARN_OBJC_IMPLICIT_RETAIN_SELF = YES;
				CLANG_WARN_OBJC_LITERAL_CONVERSION = YES;
				CLANG_WARN_OBJC_ROOT_CLASS = YES_ERROR;
				CLANG_WARN_QUOTED_INCLUDE_IN_FRAMEWORK_HEADER = YES;
				CLANG_WARN_RANGE_LOOP_ANALYSIS = YES;
				CLANG_WARN_STRICT_PROTOTYPES = YES;
				CLANG_WARN_SUSPICIOUS_MOVE = YES;
				CLANG_WARN_UNGUARDED_AVAILABILITY = YES_AGGRESSIVE;
				CLANG_WARN_UNREACHABLE_CODE = YES;
				CLANG_WARN__DUPLICATE_METHOD_MATCH = YES;
				COPY_PHASE_STRIP = NO;
				DEBUG_INFORMATION_FORMAT = "dwarf-with-dsym";
				ENABLE_NS_ASSERTIONS = NO;
				ENABLE_STRICT_OBJC_MSGSEND = YES;
				GCC_C_LANGUAGE_STANDARD = gnu11;
				GCC_NO_COMMON_BLOCKS = YES;
				GCC_WARN_64_TO_32_BIT_CONVERSION = YES;
				GCC_WARN_ABOUT_RETURN_TYPE = YES_ERROR;
				GCC_WARN_UNDECLARED_SELECTOR = YES;
				GCC_WARN_UNINITIALIZED_AUTOS = YES_AGGRESSIVE;
				GCC_WARN_UNUSED_FUNCTION = YES;
				GCC_WARN_UNUSED_VARIABLE = YES;
				IPHONEOS_DEPLOYMENT_TARGET = 14.5;
				MTL_ENABLE_DEBUG_INFO = NO;
				MTL_FAST_MATH = YES;
				SDKROOT = iphoneos;
				SWIFT_COMPILATION_MODE = wholemodule;
				SWIFT_OPTIMIZATION_LEVEL = "-O";
				VALIDATE_PRODUCT = YES;
			};
			name = Release;
		};
		793894AA265A925300EC4514 /* Debug */ = {
			isa = XCBuildConfiguration;
			buildSettings = {
				ASSETCATALOG_COMPILER_APPICON_NAME = AppIcon;
				ASSETCATALOG_COMPILER_GLOBAL_ACCENT_COLOR_NAME = AccentColor;
				CODE_SIGN_STYLE = Automatic;
				DEVELOPMENT_TEAM = J89HD9D3CL;
				INFOPLIST_FILE = firstDiploma/Info.plist;
				LD_RUNPATH_SEARCH_PATHS = (
					"$(inherited)",
					"@executable_path/Frameworks",
				);
				PRODUCT_BUNDLE_IDENTIFIER = Jeneck.firstDiploma;
				PRODUCT_NAME = "$(TARGET_NAME)";
				SWIFT_VERSION = 5.0;
				TARGETED_DEVICE_FAMILY = "1,2";
			};
			name = Debug;
		};
		793894AB265A925300EC4514 /* Release */ = {
			isa = XCBuildConfiguration;
			buildSettings = {
				ASSETCATALOG_COMPILER_APPICON_NAME = AppIcon;
				ASSETCATALOG_COMPILER_GLOBAL_ACCENT_COLOR_NAME = AccentColor;
				CODE_SIGN_STYLE = Automatic;
				DEVELOPMENT_TEAM = J89HD9D3CL;
				INFOPLIST_FILE = firstDiploma/Info.plist;
				LD_RUNPATH_SEARCH_PATHS = (
					"$(inherited)",
					"@executable_path/Frameworks",
				);
				PRODUCT_BUNDLE_IDENTIFIER = Jeneck.firstDiploma;
				PRODUCT_NAME = "$(TARGET_NAME)";
				SWIFT_VERSION = 5.0;
				TARGETED_DEVICE_FAMILY = "1,2";
			};
			name = Release;
		};
/* End XCBuildConfiguration section */

/* Begin XCConfigurationList section */
		79389490265A925000EC4514 /* Build configuration list for PBXProject "firstDiploma" */ = {
			isa = XCConfigurationList;
			buildConfigurations = (
				793894A7265A925300EC4514 /* Debug */,
				793894A8265A925300EC4514 /* Release */,
			);
			defaultConfigurationIsVisible = 0;
			defaultConfigurationName = Release;
		};
		793894A9265A925300EC4514 /* Build configuration list for PBXNativeTarget "firstDiploma" */ = {
			isa = XCConfigurationList;
			buildConfigurations = (
				793894AA265A925300EC4514 /* Debug */,
				793894AB265A925300EC4514 /* Release */,
			);
			defaultConfigurationIsVisible = 0;
			defaultConfigurationName = Release;
		};
/* End XCConfigurationList section */

/* Begin XCRemoteSwiftPackageReference section */
		793894AC265B7C9600EC4514 /* XCRemoteSwiftPackageReference "SwiftyJSON" */ = {
			isa = XCRemoteSwiftPackageReference;
			repositoryURL = "https://github.com/SwiftyJSON/SwiftyJSON";
			requirement = {
				kind = exactVersion;
				version = 5.0.1;
			};
		};
		793894AF265B7D3E00EC4514 /* XCRemoteSwiftPackageReference "Alamofire" */ = {
			isa = XCRemoteSwiftPackageReference;
			repositoryURL = "https://github.com/Alamofire/Alamofire";
			requirement = {
				kind = exactVersion;
				version = 5.4.3;
			};
		};
		793894B2265B7DE400EC4514 /* XCRemoteSwiftPackageReference "Kingfisher" */ = {
			isa = XCRemoteSwiftPackageReference;
			repositoryURL = "https://github.com/onevcat/Kingfisher";
			requirement = {
				kind = exactVersion;
				version = 6.3.0;
			};
		};
		793894B5265B91D500EC4514 /* XCRemoteSwiftPackageReference "realm-cocoa" */ = {
			isa = XCRemoteSwiftPackageReference;
			repositoryURL = "https://github.com/realm/realm-cocoa";
			requirement = {
				kind = exactVersion;
				version = 10.7.6;
			};
		};
/* End XCRemoteSwiftPackageReference section */

/* Begin XCSwiftPackageProductDependency section */
		793894AD265B7C9600EC4514 /* SwiftyJSON */ = {
			isa = XCSwiftPackageProductDependency;
			package = 793894AC265B7C9600EC4514 /* XCRemoteSwiftPackageReference "SwiftyJSON" */;
			productName = SwiftyJSON;
		};
		793894B0265B7D3E00EC4514 /* Alamofire */ = {
			isa = XCSwiftPackageProductDependency;
			package = 793894AF265B7D3E00EC4514 /* XCRemoteSwiftPackageReference "Alamofire" */;
			productName = Alamofire;
		};
		793894B3265B7DE400EC4514 /* Kingfisher */ = {
			isa = XCSwiftPackageProductDependency;
			package = 793894B2265B7DE400EC4514 /* XCRemoteSwiftPackageReference "Kingfisher" */;
			productName = Kingfisher;
		};
		793894B6265B91D500EC4514 /* Realm */ = {
			isa = XCSwiftPackageProductDependency;
			package = 793894B5265B91D500EC4514 /* XCRemoteSwiftPackageReference "realm-cocoa" */;
			productName = Realm;
		};
		793894B8265B91D500EC4514 /* RealmSwift */ = {
			isa = XCSwiftPackageProductDependency;
			package = 793894B5265B91D500EC4514 /* XCRemoteSwiftPackageReference "realm-cocoa" */;
			productName = RealmSwift;
		};
/* End XCSwiftPackageProductDependency section */
	};
	rootObject = 7938948D265A925000EC4514 /* Project object */;
}
